
Microsoft Visual Studio Solution File, Format Version 12.00
# Visual Studio Version 17
VisualStudioVersion = 17.14.36623.8 d17.14
MinimumVisualStudioVersion = 10.0.40219.1
Project("{FAE04EC0-301F-11D3-BF4B-00C04F79EFBC}") = "SmartCity-Core", "SmartCity-Core.csproj", "{F6F27B65-1CDC-42FB-8F3D-17EEA532053E}"
EndProject
Global
	GlobalSection(SolutionConfigurationPlatforms) = preSolution
		Debug|Any CPU = Debug|Any CPU
		Release|Any CPU = Release|Any CPU
	EndGlobalSection
	GlobalSection(ProjectConfigurationPlatforms) = postSolution
		{F6F27B65-1CDC-42FB-8F3D-17EEA532053E}.Debug|Any CPU.ActiveCfg = Debug|Any CPU
		{F6F27B65-1CDC-42FB-8F3D-17EEA532053E}.Debug|Any CPU.Build.0 = Debug|Any CPU
		{F6F27B65-1CDC-42FB-8F3D-17EEA532053E}.Release|Any CPU.ActiveCfg = Release|Any CPU
		{F6F27B65-1CDC-42FB-8F3D-17EEA532053E}.Release|Any CPU.Build.0 = Release|Any CPU
	EndGlobalSection
	GlobalSection(SolutionProperties) = preSolution
		HideSolutionNode = FALSE
	EndGlobalSection
	GlobalSection(ExtensibilityGlobals) = postSolution
		SolutionGuid = {7463367B-1767-44D8-89A0-FA5BFFBB009D}
	EndGlobalSection
EndGlobal
